timestamp: '2024-01-01T00:00:32.000Z'
targetCategory: react-sdk
totalCategories: 1
totalPages: 31
pagesWithChildren: 6
categories:
  - id: 6849ddd92905ee0053320687
    title: React SDK
    slug: react-sdk
    order: 2
    totalPages: 7
    structure:
      - id: 6849ddd92905ee005332083f
        title: What is the GEP React SDK?
        slug: what-is-the-gep-react-sdk
        order: 0
        hidden: false
        lastUpdated: '2025-07-18T02:39:16.974Z'
        revision: 32
        localPath: docs/what-is-the-gep-react-sdk.md
        isNew: false
        isDeleted: false
        isUpdated: true
        children: []
      - id: 6849ddd92905ee0053320840
        title: Deciding to build with the SDK
        slug: deciding-to-build-with-the-sdk
        order: 1
        hidden: false
        lastUpdated: '2025-07-18T02:39:17.240Z'
        revision: 26
        localPath: docs/deciding-to-build-with-the-sdk/deciding-to-build-with-the-sdk.md
        isNew: false
        isDeleted: false
        isUpdated: true
        children:
          - id: 6849ddd92905ee0053320841
            title: Build Pathways - SDK, Flows, & API
            slug: build-pathways-sdk-flows-api
            order: 0
            hidden: false
            lastUpdated: '2025-07-18T02:39:17.465Z'
            revision: 24
            localPath: docs/deciding-to-build-with-the-sdk/build-pathways-sdk-flows-api.md
            isNew: false
            isDeleted: false
            isUpdated: true
            children: []
          - id: 6849ddd92905ee0053320842
            title: Component Types
            slug: component-types
            order: 1
            hidden: false
            lastUpdated: '2025-07-18T02:39:17.698Z'
            revision: 18
            localPath: docs/deciding-to-build-with-the-sdk/component-types.md
            isNew: false
            isDeleted: false
            isUpdated: true
            children: []
      - id: 6849ddd92905ee0053320843
        title: Getting Started
        slug: getting-started-1
        order: 2
        hidden: false
        lastUpdated: '2025-08-19T17:17:21.584Z'
        revision: 32
        localPath: docs/getting-started/getting-started.md
        isNew: false
        isDeleted: false
        isUpdated: true
        children:
          - id: 6849ddd92905ee0053320844
            title: Authentication
            slug: authentication-1
            order: 0
            hidden: false
            lastUpdated: '2025-08-06T19:15:46.359Z'
            revision: 24
            localPath: docs/getting-started/authentication.md
            isNew: false
            isDeleted: false
            isUpdated: true
            children: []
      - id: 6849ddd92905ee0053320845
        title: Integration Guide
        slug: integration-guide
        order: 3
        hidden: false
        lastUpdated: '2025-08-19T17:17:21.959Z'
        revision: 24
        localPath: docs/integration-guide/integration-guide.md
        isNew: false
        isDeleted: false
        isUpdated: true
        children:
          - id: 6849ddd92905ee0053320846
            title: Versioning
            slug: versioning
            order: 0
            hidden: false
            lastUpdated: '2025-07-18T02:39:18.467Z'
            revision: 21
            localPath: docs/integration-guide/versioning.md
            isNew: false
            isDeleted: false
            isUpdated: true
            children: []
          - id: 6849ddd92905ee0053320847
            title: Event Handling
            slug: event-handling
            order: 1
            hidden: false
            lastUpdated: '2025-07-18T02:39:18.725Z'
            revision: 34
            localPath: docs/integration-guide/event-handling.md
            isNew: false
            isDeleted: false
            isUpdated: true
            children: []
          - id: 6849ddd92905ee0053320849
            title: Composition
            slug: composition
            order: 3
            hidden: false
            lastUpdated: '2025-07-18T02:39:19.232Z'
            revision: 26
            localPath: docs/integration-guide/composition.md
            isNew: false
            isDeleted: false
            isUpdated: true
            children: []
          - id: 6849ddd92905ee005332084a
            title: Providing your own data
            slug: providing-your-own-data
            order: 4
            hidden: false
            lastUpdated: '2025-07-18T02:39:19.566Z'
            revision: 23
            localPath: docs/integration-guide/providing-your-own-data.md
            isNew: false
            isDeleted: false
            isUpdated: true
            children: []
          - id: 6849ddd92905ee005332084b
            title: Translation
            slug: translation
            order: 5
            hidden: false
            lastUpdated: '2025-07-18T02:39:19.736Z'
            revision: 24
            localPath: docs/integration-guide/translation.md
            isNew: false
            isDeleted: false
            isUpdated: true
            children: []
          - id: 6849ddd92905ee005332084c
            title: Routing
            slug: routing
            order: 6
            hidden: false
            lastUpdated: '2025-07-18T02:39:19.983Z'
            revision: 30
            localPath: docs/integration-guide/routing.md
            isNew: false
            isDeleted: false
            isUpdated: true
            children: []
          - id: 68799e70134fe790c4bece8f
            title: Error Handling in the React SDK
            slug: error-handling-in-the-react-sdk
            order: 7
            hidden: false
            lastUpdated: '2025-07-18T02:29:06.350Z'
            revision: 7
            localPath: docs/integration-guide/error-handling.md
            isNew: false
            isDeleted: false
            isUpdated: true
            children: []
          - id: 68799eb66b7e6f4a39284967
            title: Event Types
            slug: event-types
            order: 8
            hidden: false
            lastUpdated: '2025-07-18T02:29:06.789Z'
            revision: 7
            localPath: docs/integration-guide/event-types.md
            isNew: false
            isDeleted: false
            isUpdated: true
            children: []
          - id: 6893bfaf77298326b67d0846
            title: Request interceptors let you customize HTTP
            slug: request-interceptors-let-you-customize-http
            order: 9
            hidden: false
            lastUpdated: '2025-08-06T20:48:48.002Z'
            revision: 3
            localPath: docs/integration-guide/request-interceptors.md
            isNew: false
            isDeleted: false
            isUpdated: true
            children: []
          - id: 68a4b1a02ebad685f7dafcb2
            title: The Gusto Embedded React SDK UI is highly customizable
            slug: the-gusto-embedded-react-sdk-ui-is-highly-customizable
            order: 10
            hidden: false
            lastUpdated: '2025-08-19T17:17:21.159Z'
            revision: 3
            localPath: docs/integration-guide/customizing-sdk-ui.md
            isNew: false
            isDeleted: false
            isUpdated: true
            children: []
      - id: 6849ddd92905ee005332084d
        title: Workflows Overview
        slug: workflows-overview
        order: 4
        hidden: false
        lastUpdated: '2025-07-18T02:39:20.655Z'
        revision: 21
        localPath: docs/workflows-overview/workflows-overview.md
        isNew: false
        isDeleted: false
        isUpdated: true
        children:
          - id: 6849ddd92905ee005332084e
            title: Employee Onboarding
            slug: employee-onboarding
            order: 0
            hidden: false
            lastUpdated: '2025-07-18T02:39:21.155Z'
            revision: 42
            localPath: docs/workflows-overview/employee-onboarding/employee-onboarding.md
            isNew: false
            isDeleted: false
            isUpdated: true
            children:
              - id: 6849ddd92905ee005332084f
                title: Employee Self-Onboarding
                slug: employee-self-onboarding
                order: 0
                hidden: false
                lastUpdated: '2025-07-18T02:39:21.286Z'
                revision: 28
                localPath: docs/workflows-overview/employee-onboarding/employee-self-onboarding.md
                isNew: false
                isDeleted: false
                isUpdated: true
                children: []
          - id: 6849ddd92905ee0053320854
            title: Company Onboarding
            slug: company-onboarding
            order: 1
            hidden: false
            lastUpdated: '2025-07-18T02:39:21.536Z'
            revision: 21
            localPath: docs/workflows-overview/company-onboarding.md
            isNew: false
            isDeleted: false
            isUpdated: true
            children: []
          - id: 68799eb80610c93438d16432
            title: Contractor Profile Component
            slug: contractor-profile-component
            order: 2
            hidden: false
            lastUpdated: '2025-07-18T02:29:08.109Z'
            revision: 7
            localPath: docs/workflows-overview/contractor-onboarding.md
            isNew: false
            isDeleted: false
            isUpdated: true
            children: []
      - id: 6852ed81d85ebd00247da5a0
        title: Component Adapter
        slug: component-adapter
        order: 5
        hidden: false
        lastUpdated: '2025-08-19T17:17:22.316Z'
        revision: 26
        localPath: docs/component-adapter/component-adapter.md
        isNew: false
        isDeleted: false
        isUpdated: true
        children:
          - id: 6852ed96008d5a004d6e8ec8
            title: Component Inventory
            slug: component-inventory
            order: 0
            hidden: false
            lastUpdated: '2025-08-06T19:15:53.868Z'
            revision: 14
            localPath: docs/component-adapter/component-inventory.md
            isNew: false
            isDeleted: false
            isUpdated: true
            children: []
          - id: 6852edaa4f51960062e83c6f
            title: Component Adapter FAQ
            slug: component-adapter-faq
            order: 1
            hidden: false
            lastUpdated: '2025-08-19T17:17:22.871Z'
            revision: 15
            localPath: docs/component-adapter/component-adapter-faq.md
            isNew: false
            isDeleted: false
            isUpdated: true
            children: []
          - id: 6852edbc5c3a5a005f1eebff
            title: How the Component Adapter Works
            slug: how-the-component-adapter-works
            order: 2
            hidden: false
            lastUpdated: '2025-08-19T17:17:23.212Z'
            revision: 15
            localPath: docs/component-adapter/how-the-component-adapter-works.md
            isNew: false
            isDeleted: false
            isUpdated: true
            children: []
          - id: 6852edce029d4a000f693ee7
            title: Setting Up Your Component Adapter
            slug: setting-up-your-component-adapter
            order: 3
            hidden: false
            lastUpdated: '2025-08-19T17:17:23.898Z'
            revision: 15
            localPath: docs/component-adapter/setting-up-your-component-adapter.md
            isNew: false
            isDeleted: false
            isUpdated: true
            children: []
          - id: 6852eddd33c666007493b25a
            title: Component Adapter Types
            slug: component-adapter-types
            order: 4
            hidden: false
            lastUpdated: '2025-08-19T17:17:24.337Z'
            revision: 16
            localPath: docs/component-adapter/component-adapter-types.md
            isNew: false
            isDeleted: false
            isUpdated: true
            children: []
      - id: 68a4bb749f1a0318bc07775c
        title: Theming
        slug: theming
        order: 6
        hidden: false
        lastUpdated: '2025-08-19T18:15:38.085Z'
        revision: 5
        localPath: docs/theming/theming.md
        isNew: false
        isDeleted: false
        isUpdated: true
        children:
          - id: 68a4bb755c7e42dd0564b39b
            title: UI components in the Gusto Embedded React SDK ship
            slug: ui-components-in-the-gusto-embedded-react-sdk-ship
            order: 0
            hidden: false
            lastUpdated: '2025-08-19T17:59:18.041Z'
            revision: 3
            localPath: docs/theming/theming-guide.md
            isNew: false
            isDeleted: false
            isUpdated: true
            children: []
          - id: 68a4bb7499022451486d86fb
            title: Theme Variables
            slug: theme-variables
            order: 1
            hidden: false
            lastUpdated: '2025-08-19T17:59:17.556Z'
            revision: 3
            localPath: docs/theming/theme-variables.md
            isNew: false
            isDeleted: false
            isUpdated: true
            children: []
metadata:
  apiRequestCount: 31
  discoveredRelationships: 0
  hierarchicalRelationships: 6
  executionTimeMs: 9102
