timestamp: '2024-01-01T00:00:56.000Z'
targetCategory: react-sdk
totalCategories: 1
totalPages: 27
pagesWithChildren: 5
categories:
  - id: 6849ddd92905ee0053320687
    title: React SDK
    slug: react-sdk
    order: 2
    totalPages: 6
    structure:
      - id: 6849ddd92905ee005332083f
        title: What is the GEP React SDK?
        slug: what-is-the-gep-react-sdk
        order: 999
        hidden: false
        lastUpdated: '2025-07-18T02:39:16.974Z'
        revision: 31
        localPath: docs/what-is-the-gep-react-sdk.md
        isNew: false
        isDeleted: false
        isUpdated: true
        children: []
      - id: 6849ddd92905ee0053320840
        title: Deciding to build with the SDK
        slug: deciding-to-build-with-the-sdk
        order: 999
        hidden: false
        lastUpdated: '2025-07-18T02:39:17.240Z'
        revision: 25
        localPath: docs/deciding-to-build-with-the-sdk/deciding-to-build-with-the-sdk.md
        isNew: false
        isDeleted: false
        isUpdated: true
        children:
          - id: 6849ddd92905ee0053320841
            title: Build Pathways - SDK, Flows, & API
            slug: build-pathways-sdk-flows-api
            order: 999
            hidden: false
            lastUpdated: '2025-07-18T02:39:17.465Z'
            revision: 23
            localPath: docs/deciding-to-build-with-the-sdk/build-pathways-sdk-flows-api.md
            isNew: false
            isDeleted: false
            isUpdated: true
            children: []
          - id: 6849ddd92905ee0053320842
            title: Component Types
            slug: component-types
            order: 999
            hidden: false
            lastUpdated: '2025-07-18T02:39:17.698Z'
            revision: 17
            localPath: docs/deciding-to-build-with-the-sdk/component-types.md
            isNew: false
            isDeleted: false
            isUpdated: true
            children: []
      - id: 6849ddd92905ee0053320843
        title: Getting Started
        slug: getting-started-1
        order: 999
        hidden: false
        lastUpdated: '2025-07-18T02:39:17.965Z'
        revision: 29
        localPath: docs/getting-started/getting-started.md
        isNew: false
        isDeleted: false
        isUpdated: true
        children:
          - id: 6849ddd92905ee0053320844
            title: Authentication
            slug: authentication-1
            order: 999
            hidden: false
            lastUpdated: '2025-07-18T02:39:18.117Z'
            revision: 22
            localPath: docs/getting-started/authentication.md
            isNew: false
            isDeleted: false
            isUpdated: true
            children: []
      - id: 6849ddd92905ee0053320845
        title: Integration Guide
        slug: integration-guide
        order: 999
        hidden: false
        lastUpdated: '2025-07-18T02:39:18.278Z'
        revision: 20
        localPath: docs/integration-guide/integration-guide.md
        isNew: false
        isDeleted: false
        isUpdated: true
        children:
          - id: 6849ddd92905ee0053320846
            title: Versioning
            slug: versioning
            order: 999
            hidden: false
            lastUpdated: '2025-07-18T02:39:18.467Z'
            revision: 20
            localPath: docs/integration-guide/versioning.md
            isNew: false
            isDeleted: false
            isUpdated: true
            children: []
          - id: 6849ddd92905ee0053320847
            title: Event Handling
            slug: event-handling
            order: 999
            hidden: false
            lastUpdated: '2025-07-18T02:39:18.725Z'
            revision: 33
            localPath: docs/integration-guide/event-handling.md
            isNew: false
            isDeleted: false
            isUpdated: true
            children: []
          - id: 6849ddd92905ee0053320848
            title: Styles and Theming
            slug: styles-and-theming
            order: 999
            hidden: false
            lastUpdated: '2025-07-18T02:39:18.974Z'
            revision: 37
            localPath: docs/integration-guide/styles-and-theming.md
            isNew: false
            isDeleted: false
            isUpdated: true
            children: []
          - id: 6849ddd92905ee0053320849
            title: Composition
            slug: composition
            order: 999
            hidden: false
            lastUpdated: '2025-07-18T02:39:19.232Z'
            revision: 25
            localPath: docs/integration-guide/composition.md
            isNew: false
            isDeleted: false
            isUpdated: true
            children: []
          - id: 6849ddd92905ee005332084a
            title: Providing your own data
            slug: providing-your-own-data
            order: 999
            hidden: false
            lastUpdated: '2025-07-18T02:39:19.566Z'
            revision: 22
            localPath: docs/integration-guide/providing-your-own-data.md
            isNew: false
            isDeleted: false
            isUpdated: true
            children: []
          - id: 6849ddd92905ee005332084b
            title: Translation
            slug: translation
            order: 999
            hidden: false
            lastUpdated: '2025-07-18T02:39:19.736Z'
            revision: 23
            localPath: docs/integration-guide/translation.md
            isNew: false
            isDeleted: false
            isUpdated: true
            children: []
          - id: 6849ddd92905ee005332084c
            title: Routing
            slug: routing
            order: 999
            hidden: false
            lastUpdated: '2025-07-18T02:39:19.983Z'
            revision: 29
            localPath: docs/integration-guide/routing.md
            isNew: false
            isDeleted: false
            isUpdated: true
            children: []
          - id: 68799e70134fe790c4bece8f
            title: Error Handling in the React SDK
            slug: error-handling-in-the-react-sdk
            order: 999
            hidden: false
            lastUpdated: '2025-07-18T02:29:06.350Z'
            revision: 7
            localPath: docs/integration-guide/error-handling.md
            isNew: false
            isDeleted: false
            isUpdated: false
            children: []
          - id: 68799eb66b7e6f4a39284967
            title: Event Types
            slug: event-types
            order: 999
            hidden: false
            lastUpdated: '2025-07-18T02:29:06.789Z'
            revision: 7
            localPath: docs/integration-guide/event-types.md
            isNew: false
            isDeleted: false
            isUpdated: false
            children: []
      - id: 6849ddd92905ee005332084d
        title: Workflows Overview
        slug: workflows-overview
        order: 999
        hidden: false
        lastUpdated: '2025-07-18T02:39:20.655Z'
        revision: 20
        localPath: docs/workflows-overview/workflows-overview.md
        isNew: false
        isDeleted: false
        isUpdated: true
        children:
          - id: 6849ddd92905ee005332084e
            title: Employee Onboarding
            slug: employee-onboarding
            order: 999
            hidden: false
            lastUpdated: '2025-07-18T02:39:21.155Z'
            revision: 41
            localPath: docs/workflows-overview/employee-onboarding/employee-onboarding.md
            isNew: false
            isDeleted: false
            isUpdated: true
            children:
              - id: 6849ddd92905ee005332084f
                title: Employee Self-Onboarding
                slug: employee-self-onboarding
                order: 999
                hidden: false
                lastUpdated: '2025-07-18T02:39:21.286Z'
                revision: 27
                localPath: docs/workflows-overview/employee-onboarding/employee-self-onboarding.md
                isNew: false
                isDeleted: false
                isUpdated: true
                children: []
          - id: 6849ddd92905ee0053320854
            title: Company Onboarding
            slug: company-onboarding
            order: 999
            hidden: false
            lastUpdated: '2025-07-18T02:39:21.536Z'
            revision: 20
            localPath: docs/workflows-overview/company-onboarding.md
            isNew: false
            isDeleted: false
            isUpdated: true
            children: []
          - id: 68799eb80610c93438d16432
            title: Contractor Profile Component
            slug: contractor-profile-component
            order: 999
            hidden: false
            lastUpdated: '2025-07-18T02:29:08.109Z'
            revision: 7
            localPath: docs/workflows-overview/contractor-onboarding.md
            isNew: false
            isDeleted: false
            isUpdated: false
            children: []
      - id: 6852ed81d85ebd00247da5a0
        title: Component Adapter
        slug: component-adapter
        order: 999
        hidden: false
        lastUpdated: '2025-07-18T02:39:21.969Z'
        revision: 23
        localPath: docs/component-adapter/component-adapter.md
        isNew: false
        isDeleted: false
        isUpdated: true
        children:
          - id: 6852ed96008d5a004d6e8ec8
            title: Component Inventory
            slug: component-inventory
            order: 999
            hidden: false
            lastUpdated: '2025-07-18T02:39:22.990Z'
            revision: 12
            localPath: docs/component-adapter/component-inventory.md
            isNew: false
            isDeleted: false
            isUpdated: true
            children: []
          - id: 6852edaa4f51960062e83c6f
            title: Component Adapter FAQ
            slug: component-adapter-faq
            order: 999
            hidden: false
            lastUpdated: '2025-07-18T02:39:22.859Z'
            revision: 12
            localPath: docs/component-adapter/component-adapter-faq.md
            isNew: false
            isDeleted: false
            isUpdated: true
            children: []
          - id: 6852edbc5c3a5a005f1eebff
            title: How the Component Adapter Works
            slug: how-the-component-adapter-works
            order: 999
            hidden: false
            lastUpdated: '2025-07-18T02:39:23.026Z'
            revision: 12
            localPath: docs/component-adapter/how-the-component-adapter-works.md
            isNew: false
            isDeleted: false
            isUpdated: true
            children: []
          - id: 6852edce029d4a000f693ee7
            title: Setting Up Your Component Adapter
            slug: setting-up-your-component-adapter
            order: 999
            hidden: false
            lastUpdated: '2025-07-18T02:39:23.422Z'
            revision: 12
            localPath: docs/component-adapter/setting-up-your-component-adapter.md
            isNew: false
            isDeleted: false
            isUpdated: true
            children: []
          - id: 6852eddd33c666007493b25a
            title: Component Adapter Types
            slug: component-adapter-types
            order: 999
            hidden: false
            lastUpdated: '2025-07-18T02:39:23.462Z'
            revision: 12
            localPath: docs/component-adapter/component-adapter-types.md
            isNew: false
            isDeleted: false
            isUpdated: true
            children: []
metadata:
  apiRequestCount: 27
  discoveredRelationships: 1
  hierarchicalRelationships: 5
  executionTimeMs: 8415
