timestamp: '2025-07-01T19:50:33.016Z'
targetCategory: react-sdk
totalCategories: 1
totalPages: 29
pagesWithChildren: 5
categories:
  - id: 6849ddd92905ee0053320687
    title: React SDK
    slug: react-sdk
    order: 2
    totalPages: 6
    structure:
      - id: 6849ddd92905ee0053320840
        title: Deciding to build with the SDK
        slug: deciding-to-build-with-the-sdk
        order: 1
        hidden: false
        lastUpdated: '2025-06-18T16:42:26.444Z'
        revision: 18
        localPath: docs/deciding-to-build-with-the-sdk/deciding-to-build-with-the-sdk.md
        isNew: false
        isDeleted: false
        isUpdated: true
        children:
          - id: 6849ddd92905ee0053320842
            title: Component Types
            slug: component-types
            order: 1
            hidden: false
            lastUpdated: '2025-06-18T16:42:01.052Z'
            revision: 10
            localPath: docs/deciding-to-build-with-the-sdk/component-types.md
            isNew: false
            isDeleted: false
            isUpdated: true
            children: []
          - id: 6849ddd92905ee0053320841
            title: Build Pathways - SDK, Flows, & API
            slug: build-pathways-sdk-flows-api
            order: 0
            hidden: false
            lastUpdated: '2025-06-18T16:41:47.809Z'
            revision: 16
            localPath: docs/deciding-to-build-with-the-sdk/build-pathways-sdk-flows-api.md
            isNew: false
            isDeleted: false
            isUpdated: true
            children: []
      - id: 6849ddd92905ee0053320843
        title: Getting Started
        slug: getting-started-1
        order: 2
        hidden: false
        lastUpdated: '2025-06-18T16:42:55.544Z'
        revision: 22
        localPath: docs/getting-started/getting-started.md
        isNew: false
        isDeleted: false
        isUpdated: true
        children:
          - id: 6849ddd92905ee0053320844
            title: Authentication
            slug: authentication-1
            order: 0
            hidden: false
            lastUpdated: '2025-06-18T16:42:42.323Z'
            revision: 15
            localPath: docs/getting-started/authentication.md
            isNew: false
            isDeleted: false
            isUpdated: true
            children: []
      - id: 6849ddd92905ee0053320845
        title: Integration Guide
        slug: integration-guide
        order: 3
        hidden: false
        lastUpdated: '2025-06-18T16:43:13.723Z'
        revision: 13
        localPath: docs/integration-guide/integration-guide.md
        isNew: false
        isDeleted: false
        isUpdated: true
        children:
          - id: 6849ddd92905ee0053320847
            title: Event Handling
            slug: event-handling
            order: 1
            hidden: false
            lastUpdated: '2025-06-18T16:43:32.667Z'
            revision: 26
            localPath: docs/integration-guide/event-handling.md
            isNew: false
            isDeleted: false
            isUpdated: true
            children: []
          - id: 6849ddd92905ee0053320848
            title: Styles and Theming
            slug: styles-and-theming
            order: 2
            hidden: false
            lastUpdated: '2025-06-18T16:43:42.042Z'
            revision: 30
            localPath: docs/integration-guide/styles-and-theming.md
            isNew: false
            isDeleted: false
            isUpdated: true
            children: []
          - id: 6849ddd92905ee0053320849
            title: Composition
            slug: composition
            order: 3
            hidden: false
            lastUpdated: '2025-06-18T16:43:51.079Z'
            revision: 18
            localPath: docs/integration-guide/composition.md
            isNew: false
            isDeleted: false
            isUpdated: true
            children: []
          - id: 6849ddd92905ee005332084a
            title: Providing your own data
            slug: providing-your-own-data
            order: 4
            hidden: false
            lastUpdated: '2025-06-18T16:43:59.510Z'
            revision: 15
            localPath: docs/integration-guide/providing-your-own-data.md
            isNew: false
            isDeleted: false
            isUpdated: true
            children: []
          - id: 6849ddd92905ee005332084b
            title: Translation
            slug: translation
            order: 5
            hidden: false
            lastUpdated: '2025-06-18T16:44:08.791Z'
            revision: 16
            localPath: docs/integration-guide/translation.md
            isNew: false
            isDeleted: false
            isUpdated: true
            children: []
          - id: 6849ddd92905ee005332084c
            title: Routing
            slug: routing
            order: 6
            hidden: false
            lastUpdated: '2025-06-18T16:44:20.435Z'
            revision: 22
            localPath: docs/integration-guide/routing.md
            isNew: false
            isDeleted: false
            isUpdated: true
            children: []
          - id: 6849ddd92905ee0053320846
            title: Versioning
            slug: versioning
            order: 0
            hidden: false
            lastUpdated: '2025-06-18T16:43:23.823Z'
            revision: 13
            localPath: docs/integration-guide/versioning.md
            isNew: false
            isDeleted: false
            isUpdated: true
            children: []
          - id: null
            title: Error Handling in the React SDK
            slug: null
            order: 999
            hidden: false
            localPath: docs/integration-guide/error-handling.md
            isNew: true
            children: []
          - id: null
            title: Event Types
            slug: null
            order: 999
            hidden: false
            localPath: docs/integration-guide/event-types.md
            isNew: true
            children: []
      - id: 6849ddd92905ee005332084d
        title: Workflows Overview
        slug: workflows-overview
        order: 4
        hidden: false
        lastUpdated: '2025-06-18T16:45:30.544Z'
        revision: 13
        localPath: docs/workflows-overview/workflows-overview.md
        isNew: false
        isDeleted: false
        isUpdated: true
        children:
          - id: 6849ddd92905ee0053320854
            title: Company Onboarding
            slug: company-onboarding
            order: 1
            hidden: false
            lastUpdated: '2025-06-18T16:46:05.664Z'
            revision: 13
            localPath: docs/workflows-overview/company-onboarding.md
            isNew: false
            isDeleted: false
            isUpdated: true
            children: []
          - id: 6849ddd92905ee005332084e
            title: Employee Onboarding
            slug: employee-onboarding
            order: 0
            hidden: false
            lastUpdated: '2025-06-18T16:45:41.149Z'
            revision: 34
            localPath: docs/workflows-overview/employee-onboarding/employee-onboarding.md
            isNew: false
            isDeleted: false
            isUpdated: true
            children:
              - id: 6849ddd92905ee005332084f
                title: Employee Self-Onboarding
                slug: employee-self-onboarding
                order: 0
                hidden: false
                lastUpdated: '2025-06-18T16:45:49.588Z'
                revision: 20
                localPath: docs/workflows-overview/employee-onboarding/employee-self-onboarding.md
                isNew: false
                isDeleted: false
                isUpdated: true
                children: []
          - id: null
            title: Contractor Profile Component
            slug: null
            order: 999
            hidden: false
            localPath: docs/workflows-overview/contractor-onboarding.md
            isNew: true
            children: []
      - id: 6852ed81d85ebd00247da5a0
        title: Component Adapter
        slug: component-adapter
        order: 5
        hidden: false
        lastUpdated: '2025-06-18T16:59:31.926Z'
        revision: 16
        localPath: docs/component-adapter/component-adapter.md
        isNew: false
        isDeleted: false
        isUpdated: true
        children:
          - id: 6852edaa4f51960062e83c6f
            title: Component Adapter FAQ
            slug: component-adapter-faq
            order: 1
            hidden: false
            lastUpdated: '2025-06-18T16:59:32.134Z'
            revision: 5
            localPath: docs/component-adapter/component-adapter-faq.md
            isNew: false
            isDeleted: false
            isUpdated: true
            children: []
          - id: 6852edbc5c3a5a005f1eebff
            title: How the Component Adapter Works
            slug: how-the-component-adapter-works
            order: 2
            hidden: false
            lastUpdated: '2025-06-18T16:59:32.024Z'
            revision: 5
            localPath: docs/component-adapter/how-the-component-adapter-works.md
            isNew: false
            isDeleted: false
            isUpdated: true
            children: []
          - id: 6852edce029d4a000f693ee7
            title: Setting Up Your Component Adapter
            slug: setting-up-your-component-adapter
            order: 3
            hidden: false
            lastUpdated: '2025-06-18T16:59:32.183Z'
            revision: 5
            localPath: docs/component-adapter/setting-up-your-component-adapter.md
            isNew: false
            isDeleted: false
            isUpdated: true
            children: []
          - id: 6852eddd33c666007493b25a
            title: Component Adapter Types
            slug: component-adapter-types
            order: 4
            hidden: false
            lastUpdated: '2025-06-18T16:59:32.025Z'
            revision: 5
            localPath: docs/component-adapter/component-adapter-types.md
            isNew: false
            isDeleted: false
            isUpdated: true
            children: []
          - id: 6852ed96008d5a004d6e8ec8
            title: Component Inventory
            slug: component-inventory
            order: 0
            hidden: false
            lastUpdated: '2025-06-18T16:59:32.438Z'
            revision: 5
            localPath: docs/component-adapter/component-inventory.md
            isNew: false
            isDeleted: false
            isUpdated: true
            children: []
      - id: 6849ddd92905ee005332083f
        title: What is the GEP React SDK?
        slug: what-is-the-gep-react-sdk
        order: 0
        hidden: false
        lastUpdated: '2025-06-18T16:41:28.974Z'
        revision: 22
        localPath: docs/what-is-the-gep-react-sdk.md
        isNew: false
        isDeleted: false
        isUpdated: true
        children: []
metadata:
  apiRequestCount: 26
  discoveredRelationships: 6
  hierarchicalRelationships: 20
  executionTimeMs: 13147
